
Microsoft Visual Studio Solution File, Format Version 12.00
# Visual Studio Version 16
VisualStudioVersion = 16.0.30503.244
MinimumVisualStudioVersion = 10.0.40219.1
Project("{FAE04EC0-301F-11D3-BF4B-00C04F79EFBC}") = "Week10_WebAPIDemo", "Week10_WebAPIDemo.csproj", "{99E98281-56BF-471B-88A6-DCBCCF941EBC}"
EndProject
Global
	GlobalSection(SolutionConfigurationPlatforms) = preSolution
		Debug|Any CPU = Debug|Any CPU
		Release|Any CPU = Release|Any CPU
	EndGlobalSection
	GlobalSection(ProjectConfigurationPlatforms) = postSolution
		{99E98281-56BF-471B-88A6-DCBCCF941EBC}.Debug|Any CPU.ActiveCfg = Debug|Any CPU
		{99E98281-56BF-471B-88A6-DCBCCF941EBC}.Debug|Any CPU.Build.0 = Debug|Any CPU
		{99E98281-56BF-471B-88A6-DCBCCF941EBC}.Release|Any CPU.ActiveCfg = Release|Any CPU
		{99E98281-56BF-471B-88A6-DCBCCF941EBC}.Release|Any CPU.Build.0 = Release|Any CPU
	EndGlobalSection
	GlobalSection(SolutionProperties) = preSolution
		HideSolutionNode = FALSE
	EndGlobalSection
	GlobalSection(ExtensibilityGlobals) = postSolution
		SolutionGuid = {6BEA2E26-E1D4-4384-A2E4-7003C4112991}
	EndGlobalSection
EndGlobal
